
Microsoft Visual Studio Solution File, Format Version 12.00
# Visual Studio 15
VisualStudioVersion = 15.0.27004.2002
MinimumVisualStudioVersion = 10.0.40219.1
Project("{8BC9CEB8-8B4A-11D0-8D11-00A0C91BC942}") = "Szkola_prata", "Szkola_prata\Szkola_prata.vcxproj", "{BAAFF1CD-3E84-4B31-B95E-93E7B1C9E9AD}"
EndProject
Global
	GlobalSection(SolutionConfigurationPlatforms) = preSolution
		Debug|x64 = Debug|x64
		Debug|x86 = Debug|x86
		Release|x64 = Release|x64
		Release|x86 = Release|x86
	EndGlobalSection
	GlobalSection(ProjectConfigurationPlatforms) = postSolution
		{BAAFF1CD-3E84-4B31-B95E-93E7B1C9E9AD}.Debug|x64.ActiveCfg = Debug|x64
		{BAAFF1CD-3E84-4B31-B95E-93E7B1C9E9AD}.Debug|x64.Build.0 = Debug|x64
		{BAAFF1CD-3E84-4B31-B95E-93E7B1C9E9AD}.Debug|x86.ActiveCfg = Debug|Win32
		{BAAFF1CD-3E84-4B31-B95E-93E7B1C9E9AD}.Debug|x86.Build.0 = Debug|Win32
		{BAAFF1CD-3E84-4B31-B95E-93E7B1C9E9AD}.Release|x64.ActiveCfg = Release|x64
		{BAAFF1CD-3E84-4B31-B95E-93E7B1C9E9AD}.Release|x64.Build.0 = Release|x64
		{BAAFF1CD-3E84-4B31-B95E-93E7B1C9E9AD}.Release|x86.ActiveCfg = Release|Win32
		{BAAFF1CD-3E84-4B31-B95E-93E7B1C9E9AD}.Release|x86.Build.0 = Release|Win32
	EndGlobalSection
	GlobalSection(SolutionProperties) = preSolution
		HideSolutionNode = FALSE
	EndGlobalSection
	GlobalSection(ExtensibilityGlobals) = postSolution
		SolutionGuid = {37AF1ACA-E966-4310-85FD-193BA5DC586C}
	EndGlobalSection
EndGlobal
